
Microsoft Visual Studio Solution File, Format Version 12.00
# Visual Studio 2012
Project("{FAE04EC0-301F-11D3-BF4B-00C04F79EFBC}") = "DeliveryService.Registration.Web", "DeliveryService.Registration.Web\DeliveryService.Registration.Web.csproj", "{7209CD33-2884-44FD-A61E-C69642A1657C}"
EndProject
Project("{FAE04EC0-301F-11D3-BF4B-00C04F79EFBC}") = "DeliveryService.MessageContracts", "DeliveryService.MessageContracts\DeliveryService.MessageContracts.csproj", "{E1651058-4BE8-474D-8698-E7AEE947F2EF}"
EndProject
Project("{FAE04EC0-301F-11D3-BF4B-00C04F79EFBC}") = "DeliveryService.Registration", "DeliverySerivce.Registration\DeliveryService.Registration.csproj", "{7F9BAB06-1024-4B14-8AD3-EFA91B96B0A0}"
EndProject
Project("{FAE04EC0-301F-11D3-BF4B-00C04F79EFBC}") = "DeliveryService.Notification", "DeliveryService.Notification\DeliveryService.Notification.csproj", "{FDB27995-2694-445D-972D-CB5C9D572484}"
EndProject
Project("{2150E333-8FDC-42A3-9474-1A3956D46DE8}") = "Solution Items", "Solution Items", "{D8241896-AA75-4EDA-8F68-1D583F5567D9}"
	ProjectSection(SolutionItems) = preProject
		docker-compose.yml = docker-compose.yml
		Dockerfile.registration.web = Dockerfile.registration.web
		Dockerfile.notification = Dockerfile.notification
		Dockerfile.registration = Dockerfile.registration
		erlang.cookie = erlang.cookie
		enabled_plugins = enabled_plugins
	EndProjectSection
EndProject
Global
	GlobalSection(SolutionConfigurationPlatforms) = preSolution
		Debug|Any CPU = Debug|Any CPU
		Release|Any CPU = Release|Any CPU
	EndGlobalSection
	GlobalSection(ProjectConfigurationPlatforms) = postSolution
		{7209CD33-2884-44FD-A61E-C69642A1657C}.Debug|Any CPU.ActiveCfg = Debug|Any CPU
		{7209CD33-2884-44FD-A61E-C69642A1657C}.Debug|Any CPU.Build.0 = Debug|Any CPU
		{7209CD33-2884-44FD-A61E-C69642A1657C}.Release|Any CPU.ActiveCfg = Release|Any CPU
		{7209CD33-2884-44FD-A61E-C69642A1657C}.Release|Any CPU.Build.0 = Release|Any CPU
		{E1651058-4BE8-474D-8698-E7AEE947F2EF}.Debug|Any CPU.ActiveCfg = Debug|Any CPU
		{E1651058-4BE8-474D-8698-E7AEE947F2EF}.Debug|Any CPU.Build.0 = Debug|Any CPU
		{E1651058-4BE8-474D-8698-E7AEE947F2EF}.Release|Any CPU.ActiveCfg = Release|Any CPU
		{E1651058-4BE8-474D-8698-E7AEE947F2EF}.Release|Any CPU.Build.0 = Release|Any CPU
		{7F9BAB06-1024-4B14-8AD3-EFA91B96B0A0}.Debug|Any CPU.ActiveCfg = Debug|Any CPU
		{7F9BAB06-1024-4B14-8AD3-EFA91B96B0A0}.Debug|Any CPU.Build.0 = Debug|Any CPU
		{7F9BAB06-1024-4B14-8AD3-EFA91B96B0A0}.Release|Any CPU.ActiveCfg = Release|Any CPU
		{7F9BAB06-1024-4B14-8AD3-EFA91B96B0A0}.Release|Any CPU.Build.0 = Release|Any CPU
		{FDB27995-2694-445D-972D-CB5C9D572484}.Debug|Any CPU.ActiveCfg = Debug|Any CPU
		{FDB27995-2694-445D-972D-CB5C9D572484}.Debug|Any CPU.Build.0 = Debug|Any CPU
		{FDB27995-2694-445D-972D-CB5C9D572484}.Release|Any CPU.ActiveCfg = Release|Any CPU
		{FDB27995-2694-445D-972D-CB5C9D572484}.Release|Any CPU.Build.0 = Release|Any CPU
	EndGlobalSection
EndGlobal
